
Microsoft Visual Studio Solution File, Format Version 12.00
# Visual Studio 15
VisualStudioVersion = 15.0.28010.2016
MinimumVisualStudioVersion = 10.0.40219.1
Project("{FAE04EC0-301F-11D3-BF4B-00C04F79EFBC}") = "PackageUpdater", "PackageUpdater\PackageUpdater.csproj", "{BC695954-02DF-4B32-9D05-057FBD63F2A7}"
EndProject
Global
	GlobalSection(SolutionConfigurationPlatforms) = preSolution
		Debug|Any CPU = Debug|Any CPU
		Release|Any CPU = Release|Any CPU
	EndGlobalSection
	GlobalSection(ProjectConfigurationPlatforms) = postSolution
		{BC695954-02DF-4B32-9D05-057FBD63F2A7}.Debug|Any CPU.ActiveCfg = Debug|Any CPU
		{BC695954-02DF-4B32-9D05-057FBD63F2A7}.Debug|Any CPU.Build.0 = Debug|Any CPU
		{BC695954-02DF-4B32-9D05-057FBD63F2A7}.Release|Any CPU.ActiveCfg = Release|Any CPU
		{BC695954-02DF-4B32-9D05-057FBD63F2A7}.Release|Any CPU.Build.0 = Release|Any CPU
	EndGlobalSection
	GlobalSection(SolutionProperties) = preSolution
		HideSolutionNode = FALSE
	EndGlobalSection
	GlobalSection(ExtensibilityGlobals) = postSolution
		SolutionGuid = {50C852F7-C9DE-4218-A356-FC7A24519221}
	EndGlobalSection
EndGlobal
